[[package]]
name = "llvmlite"
version = "0.39.1"
description = "lightweight wrapper around basic LLVM functionality"
category = "main"
optional = false
python-versions = ">=3.7"

[[package]]
name = "numba"
version = "0.56.4"
description = "compiling Python code using LLVM"
category = "main"
optional = false
python-versions = ">=3.7"

[package.dependencies]
llvmlite = ">=0.39.0dev0,<0.40"
numpy = ">=1.18,<1.24"

[[package]]
name = "numpy"
version = "1.23.5"
description = "NumPy is the fundamental package for array computing with Python."
category = "main"
optional = false
python-versions = ">=3.8"

[metadata]
lock-version = "1.1"
python-versions = "^3.9"
content-hash = "c0edaf40007ecea30fc2b9316bb11d39e427c5e7eb547fb662978ea674895135"

[metadata.files]
llvmlite = []
numba = []
numpy = []
